{
	"name": "hellofn",
	"version": "1.0.0",
	"lockfileVersion": 1,
	"requires": true,
	"dependencies": {
		"@fnproject/fdk": {
			"version": "0.0.19",
			"resolved": "https://registry.npmjs.org/@fnproject/fdk/-/fdk-0.0.19.tgz",
			"integrity": "sha512-XCZzIqZ6GJgI3tHUhboTQJ74RMVypKhfsiDyFRtxd7KUJdT/xSC0Fp6IQXXvg9oLYi+SGtRiAju2rpE3rW0ygw=="
		},
		"httpreq": {
			"version": "0.4.24",
			"resolved": "https://registry.npmjs.org/httpreq/-/httpreq-0.4.24.tgz",
			"integrity": "sha1-QzX/2CzZaWaKOUZckprGHWOTYn8="
		},
		"node-pushover": {
			"version": "1.0.0",
			"resolved": "https://registry.npmjs.org/node-pushover/-/node-pushover-1.0.0.tgz",
			"integrity": "sha512-yIIt6a60obTco2/Yr0/9iR4+4sDbDzlM3qpaJ99xnAwFlDeg29V5ur19D2L+S9i5LaBao5yAQKAdpvQ+7kVIng==",
			"requires": {
				"httpreq": "*"
			}
		}
	}
}
